// !$*UTF8*$!
{
	archiveVersion = 1;
	classes = {
	};
	objectVersion = 51;
	objects = {

/* Begin PBXBuildFile section */
		2FB1446528EF75FA725D4EE3 /* Pods_Thoughts.framework in Frameworks */ = {isa = PBXBuildFile; fileRef = A68D3DF4359A596DA5658AC2 /* Pods_Thoughts.framework */; };
		7412D53022DE7D57005AD5BF /* Constants.swift in Sources */ = {isa = PBXBuildFile; fileRef = 7412D52F22DE7D57005AD5BF /* Constants.swift */; };
		7412D53222DE8540005AD5BF /* Thought.swift in Sources */ = {isa = PBXBuildFile; fileRef = 7412D53122DE8540005AD5BF /* Thought.swift */; };
		7412D53422DE875B005AD5BF /* ThoughtCell.swift in Sources */ = {isa = PBXBuildFile; fileRef = 7412D53322DE875B005AD5BF /* ThoughtCell.swift */; };
		741DB0B522DCF4720097CFD3 /* AddThoughtVC.swift in Sources */ = {isa = PBXBuildFile; fileRef = 741DB0B422DCF4720097CFD3 /* AddThoughtVC.swift */; };
		746CA21A22E22A9E007AACEF /* CommentsVC.swift in Sources */ = {isa = PBXBuildFile; fileRef = 746CA21922E22A9E007AACEF /* CommentsVC.swift */; };
		746CA21E22E2317D007AACEF /* CommentCell.swift in Sources */ = {isa = PBXBuildFile; fileRef = 746CA21D22E2317C007AACEF /* CommentCell.swift */; };
		746CA22022E2343C007AACEF /* Comment.swift in Sources */ = {isa = PBXBuildFile; fileRef = 746CA21F22E2343C007AACEF /* Comment.swift */; };
		749876AB22DFECAD006CE89B /* LoginVC.swift in Sources */ = {isa = PBXBuildFile; fileRef = 749876AA22DFECAD006CE89B /* LoginVC.swift */; };
		749876AD22DFF0ED006CE89B /* CreateUserVC.swift in Sources */ = {isa = PBXBuildFile; fileRef = 749876AC22DFF0ED006CE89B /* CreateUserVC.swift */; };
		74D9298022DCEB9B0013868B /* AppDelegate.swift in Sources */ = {isa = PBXBuildFile; fileRef = 74D9297F22DCEB9B0013868B /* AppDelegate.swift */; };
		74D9298222DCEB9B0013868B /* MainVC.swift in Sources */ = {isa = PBXBuildFile; fileRef = 74D9298122DCEB9B0013868B /* MainVC.swift */; };
		74D9298522DCEB9B0013868B /* Main.storyboard in Resources */ = {isa = PBXBuildFile; fileRef = 74D9298322DCEB9B0013868B /* Main.storyboard */; };
		74D9298722DCEB9C0013868B /* Assets.xcassets in Resources */ = {isa = PBXBuildFile; fileRef = 74D9298622DCEB9C0013868B /* Assets.xcassets */; };
		74D9298A22DCEB9C0013868B /* LaunchScreen.storyboard in Resources */ = {isa = PBXBuildFile; fileRef = 74D9298822DCEB9C0013868B /* LaunchScreen.storyboard */; };
		74F7A68A22E473830078CD1F /* GoogleService-Info.plist in Resources */ = {isa = PBXBuildFile; fileRef = 74F7A68922E473820078CD1F /* GoogleService-Info.plist */; };
		74F7A68C22E473EE0078CD1F /* KeyboardBoundView.swift in Sources */ = {isa = PBXBuildFile; fileRef = 74F7A68B22E473EE0078CD1F /* KeyboardBoundView.swift */; };
		74F7A68E22E48FC70078CD1F /* UpdateCommentVC.swift in Sources */ = {isa = PBXBuildFile; fileRef = 74F7A68D22E48FC70078CD1F /* UpdateCommentVC.swift */; };
/* End PBXBuildFile section */

/* Begin PBXFileReference section */
		0CD63E3C82C993EE0F7A73B5 /* Pods-Thoughts.release.xcconfig */ = {isa = PBXFileReference; includeInIndex = 1; lastKnownFileType = text.xcconfig; name = "Pods-Thoughts.release.xcconfig"; path = "Target Support Files/Pods-Thoughts/Pods-Thoughts.release.xcconfig"; sourceTree = "<group>"; };
		7412D52F22DE7D57005AD5BF /* Constants.swift */ = {isa = PBXFileReference; lastKnownFileType = sourcecode.swift; path = Constants.swift; sourceTree = "<group>"; };
		7412D53122DE8540005AD5BF /* Thought.swift */ = {isa = PBXFileReference; lastKnownFileType = sourcecode.swift; path = Thought.swift; sourceTree = "<group>"; };
		7412D53322DE875B005AD5BF /* ThoughtCell.swift */ = {isa = PBXFileReference; lastKnownFileType = sourcecode.swift; path = ThoughtCell.swift; sourceTree = "<group>"; };
		741DB0B422DCF4720097CFD3 /* AddThoughtVC.swift */ = {isa = PBXFileReference; lastKnownFileType = sourcecode.swift; path = AddThoughtVC.swift; sourceTree = "<group>"; };
		746CA21922E22A9E007AACEF /* CommentsVC.swift */ = {isa = PBXFileReference; lastKnownFileType = sourcecode.swift; path = CommentsVC.swift; sourceTree = "<group>"; };
		746CA21D22E2317C007AACEF /* CommentCell.swift */ = {isa = PBXFileReference; lastKnownFileType = sourcecode.swift; path = CommentCell.swift; sourceTree = "<group>"; };
		746CA21F22E2343C007AACEF /* Comment.swift */ = {isa = PBXFileReference; lastKnownFileType = sourcecode.swift; path = Comment.swift; sourceTree = "<group>"; };
		749876AA22DFECAD006CE89B /* LoginVC.swift */ = {isa = PBXFileReference; lastKnownFileType = sourcecode.swift; path = LoginVC.swift; sourceTree = "<group>"; };
		749876AC22DFF0ED006CE89B /* CreateUserVC.swift */ = {isa = PBXFileReference; lastKnownFileType = sourcecode.swift; path = CreateUserVC.swift; sourceTree = "<group>"; };
		74D9297C22DCEB9B0013868B /* Thoughts.app */ = {isa = PBXFileReference; explicitFileType = wrapper.application; includeInIndex = 0; path = Thoughts.app; sourceTree = BUILT_PRODUCTS_DIR; };
		74D9297F22DCEB9B0013868B /* AppDelegate.swift */ = {isa = PBXFileReference; lastKnownFileType = sourcecode.swift; path = AppDelegate.swift; sourceTree = "<group>"; };
		74D9298122DCEB9B0013868B /* MainVC.swift */ = {isa = PBXFileReference; lastKnownFileType = sourcecode.swift; path = MainVC.swift; sourceTree = "<group>"; };
		74D9298422DCEB9B0013868B /* Base */ = {isa = PBXFileReference; lastKnownFileType = file.storyboard; name = Base; path = Base.lproj/Main.storyboard; sourceTree = "<group>"; };
		74D9298622DCEB9C0013868B /* Assets.xcassets */ = {isa = PBXFileReference; lastKnownFileType = folder.assetcatalog; path = Assets.xcassets; sourceTree = "<group>"; };
		74D9298922DCEB9C0013868B /* Base */ = {isa = PBXFileReference; lastKnownFileType = file.storyboard; name = Base; path = Base.lproj/LaunchScreen.storyboard; sourceTree = "<group>"; };
		74D9298B22DCEB9C0013868B /* Info.plist */ = {isa = PBXFileReference; lastKnownFileType = text.plist.xml; path = Info.plist; sourceTree = "<group>"; };
		74F7A68922E473820078CD1F /* GoogleService-Info.plist */ = {isa = PBXFileReference; fileEncoding = 4; lastKnownFileType = text.plist.xml; path = "GoogleService-Info.plist"; sourceTree = SOURCE_ROOT; };
		74F7A68B22E473EE0078CD1F /* KeyboardBoundView.swift */ = {isa = PBXFileReference; fileEncoding = 4; lastKnownFileType = sourcecode.swift; name = KeyboardBoundView.swift; path = "RNDM iOS Assets Part 2/KeyboardBoundView.swift"; sourceTree = SOURCE_ROOT; };
		74F7A68D22E48FC70078CD1F /* UpdateCommentVC.swift */ = {isa = PBXFileReference; lastKnownFileType = sourcecode.swift; path = UpdateCommentVC.swift; sourceTree = "<group>"; };
		8405C7913F0EA5C37E19A2AB /* Pods-Thoughts.debug.xcconfig */ = {isa = PBXFileReference; includeInIndex = 1; lastKnownFileType = text.xcconfig; name = "Pods-Thoughts.debug.xcconfig"; path = "Target Support Files/Pods-Thoughts/Pods-Thoughts.debug.xcconfig"; sourceTree = "<group>"; };
		A68D3DF4359A596DA5658AC2 /* Pods_Thoughts.framework */ = {isa = PBXFileReference; explicitFileType = wrapper.framework; includeInIndex = 0; path = Pods_Thoughts.framework; sourceTree = BUILT_PRODUCTS_DIR; };
/* End PBXFileReference section */

/* Begin PBXFrameworksBuildPhase section */
		74D9297922DCEB9B0013868B /* Frameworks */ = {
			isa = PBXFrameworksBuildPhase;
			buildActionMask = 2147483647;
			files = (
				2FB1446528EF75FA725D4EE3 /* Pods_Thoughts.framework in Frameworks */,
			);
			runOnlyForDeploymentPostprocessing = 0;
		};
/* End PBXFrameworksBuildPhase section */

/* Begin PBXGroup section */
		51347B0455F01A2F7D70CAFD /* Pods */ = {
			isa = PBXGroup;
			children = (
				8405C7913F0EA5C37E19A2AB /* Pods-Thoughts.debug.xcconfig */,
				0CD63E3C82C993EE0F7A73B5 /* Pods-Thoughts.release.xcconfig */,
			);
			path = Pods;
			sourceTree = "<group>";
		};
		7412D52E22DE7D43005AD5BF /* Utilities */ = {
			isa = PBXGroup;
			children = (
				7412D52F22DE7D57005AD5BF /* Constants.swift */,
				74F7A68B22E473EE0078CD1F /* KeyboardBoundView.swift */,
			);
			path = Utilities;
			sourceTree = "<group>";
		};
		741DB0B622DCF4A90097CFD3 /* Controller */ = {
			isa = PBXGroup;
			children = (
				74D9298122DCEB9B0013868B /* MainVC.swift */,
				741DB0B422DCF4720097CFD3 /* AddThoughtVC.swift */,
				749876AA22DFECAD006CE89B /* LoginVC.swift */,
				749876AC22DFF0ED006CE89B /* CreateUserVC.swift */,
				746CA21922E22A9E007AACEF /* CommentsVC.swift */,
				74F7A68D22E48FC70078CD1F /* UpdateCommentVC.swift */,
			);
			path = Controller;
			sourceTree = "<group>";
		};
		741DB0B722DCF4B80097CFD3 /* Model */ = {
			isa = PBXGroup;
			children = (
				7412D53122DE8540005AD5BF /* Thought.swift */,
				746CA21F22E2343C007AACEF /* Comment.swift */,
			);
			path = Model;
			sourceTree = "<group>";
		};
		741DB0B822DCF4BE0097CFD3 /* View */ = {
			isa = PBXGroup;
			children = (
				7412D53322DE875B005AD5BF /* ThoughtCell.swift */,
				746CA21D22E2317C007AACEF /* CommentCell.swift */,
			);
			path = View;
			sourceTree = "<group>";
		};
		74D9297322DCEB9B0013868B = {
			isa = PBXGroup;
			children = (
				74D9297E22DCEB9B0013868B /* Thoughts */,
				74D9297D22DCEB9B0013868B /* Products */,
				51347B0455F01A2F7D70CAFD /* Pods */,
				CDB10637BB0B61365BEBC4E7 /* Frameworks */,
			);
			sourceTree = "<group>";
		};
		74D9297D22DCEB9B0013868B /* Products */ = {
			isa = PBXGroup;
			children = (
				74D9297C22DCEB9B0013868B /* Thoughts.app */,
			);
			name = Products;
			sourceTree = "<group>";
		};
		74D9297E22DCEB9B0013868B /* Thoughts */ = {
			isa = PBXGroup;
			children = (
				7412D52E22DE7D43005AD5BF /* Utilities */,
				741DB0B722DCF4B80097CFD3 /* Model */,
				741DB0B822DCF4BE0097CFD3 /* View */,
				741DB0B622DCF4A90097CFD3 /* Controller */,
				74D9297F22DCEB9B0013868B /* AppDelegate.swift */,
				74D9298322DCEB9B0013868B /* Main.storyboard */,
				74D9298622DCEB9C0013868B /* Assets.xcassets */,
				74D9298822DCEB9C0013868B /* LaunchScreen.storyboard */,
				74D9298B22DCEB9C0013868B /* Info.plist */,
				74F7A68922E473820078CD1F /* GoogleService-Info.plist */,
			);
			path = Thoughts;
			sourceTree = "<group>";
		};
		CDB10637BB0B61365BEBC4E7 /* Frameworks */ = {
			isa = PBXGroup;
			children = (
				A68D3DF4359A596DA5658AC2 /* Pods_Thoughts.framework */,
			);
			name = Frameworks;
			sourceTree = "<group>";
		};
/* End PBXGroup section */

/* Begin PBXNativeTarget section */
		74D9297B22DCEB9B0013868B /* Thoughts */ = {
			isa = PBXNativeTarget;
			buildConfigurationList = 74D9298E22DCEB9C0013868B /* Build configuration list for PBXNativeTarget "Thoughts" */;
			buildPhases = (
				6A2B49A82C5D32C645FFA183 /* [CP] Check Pods Manifest.lock */,
				74D9297822DCEB9B0013868B /* Sources */,
				74D9297922DCEB9B0013868B /* Frameworks */,
				74D9297A22DCEB9B0013868B /* Resources */,
				A2501FDEE13EBC7A426A1D2B /* [CP] Embed Pods Frameworks */,
			);
			buildRules = (
			);
			dependencies = (
			);
			name = Thoughts;
			productName = Thoughts;
			productReference = 74D9297C22DCEB9B0013868B /* Thoughts.app */;
			productType = "com.apple.product-type.application";
		};
/* End PBXNativeTarget section */

/* Begin PBXProject section */
		74D9297422DCEB9B0013868B /* Project object */ = {
			isa = PBXProject;
			attributes = {
				LastSwiftUpdateCheck = 1020;
				LastUpgradeCheck = 1020;
				ORGANIZATIONNAME = "Aidan Miskella";
				TargetAttributes = {
					74D9297B22DCEB9B0013868B = {
						CreatedOnToolsVersion = 10.2.1;
					};
				};
			};
			buildConfigurationList = 74D9297722DCEB9B0013868B /* Build configuration list for PBXProject "Thoughts" */;
			compatibilityVersion = "Xcode 9.3";
			developmentRegion = en;
			hasScannedForEncodings = 0;
			knownRegions = (
				en,
				Base,
			);
			mainGroup = 74D9297322DCEB9B0013868B;
			productRefGroup = 74D9297D22DCEB9B0013868B /* Products */;
			projectDirPath = "";
			projectRoot = "";
			targets = (
				74D9297B22DCEB9B0013868B /* Thoughts */,
			);
		};
/* End PBXProject section */

/* Begin PBXResourcesBuildPhase section */
		74D9297A22DCEB9B0013868B /* Resources */ = {
			isa = PBXResourcesBuildPhase;
			buildActionMask = 2147483647;
			files = (
				74D9298A22DCEB9C0013868B /* LaunchScreen.storyboard in Resources */,
				74F7A68A22E473830078CD1F /* GoogleService-Info.plist in Resources */,
				74D9298722DCEB9C0013868B /* Assets.xcassets in Resources */,
				74D9298522DCEB9B0013868B /* Main.storyboard in Resources */,
			);
			runOnlyForDeploymentPostprocessing = 0;
		};
/* End PBXResourcesBuildPhase section */

/* Begin PBXShellScriptBuildPhase section */
		6A2B49A82C5D32C645FFA183 /* [CP] Check Pods Manifest.lock */ = {
			isa = PBXShellScriptBuildPhase;
			buildActionMask = 2147483647;
			files = (
			);
			inputFileListPaths = (
			);
			inputPaths = (
				"${PODS_PODFILE_DIR_PATH}/Podfile.lock",
				"${PODS_ROOT}/Manifest.lock",
			);
			name = "[CP] Check Pods Manifest.lock";
			outputFileListPaths = (
			);
			outputPaths = (
				"$(DERIVED_FILE_DIR)/Pods-Thoughts-checkManifestLockResult.txt",
			);
			runOnlyForDeploymentPostprocessing = 0;
			shellPath = /bin/sh;
			shellScript = "diff \"${PODS_PODFILE_DIR_PATH}/Podfile.lock\" \"${PODS_ROOT}/Manifest.lock\" > /dev/null\nif [ $? != 0 ] ; then\n    # print error to STDERR\n    echo \"error: The sandbox is not in sync with the Podfile.lock. Run 'pod install' or update your CocoaPods installation.\" >&2\n    exit 1\nfi\n# This output is used by Xcode 'outputs' to avoid re-running this script phase.\necho \"SUCCESS\" > \"${SCRIPT_OUTPUT_FILE_0}\"\n";
			showEnvVarsInLog = 0;
		};
		A2501FDEE13EBC7A426A1D2B /* [CP] Embed Pods Frameworks */ = {
			isa = PBXShellScriptBuildPhase;
			buildActionMask = 2147483647;
			files = (
			);
			inputFileListPaths = (
				"${PODS_ROOT}/Target Support Files/Pods-Thoughts/Pods-Thoughts-frameworks-${CONFIGURATION}-input-files.xcfilelist",
			);
			name = "[CP] Embed Pods Frameworks";
			outputFileListPaths = (
				"${PODS_ROOT}/Target Support Files/Pods-Thoughts/Pods-Thoughts-frameworks-${CONFIGURATION}-output-files.xcfilelist",
			);
			runOnlyForDeploymentPostprocessing = 0;
			shellPath = /bin/sh;
			shellScript = "\"${PODS_ROOT}/Target Support Files/Pods-Thoughts/Pods-Thoughts-frameworks.sh\"\n";
			showEnvVarsInLog = 0;
		};
/* End PBXShellScriptBuildPhase section */

/* Begin PBXSourcesBuildPhase section */
		74D9297822DCEB9B0013868B /* Sources */ = {
			isa = PBXSourcesBuildPhase;
			buildActionMask = 2147483647;
			files = (
				74D9298222DCEB9B0013868B /* MainVC.swift in Sources */,
				749876AD22DFF0ED006CE89B /* CreateUserVC.swift in Sources */,
				7412D53222DE8540005AD5BF /* Thought.swift in Sources */,
				74F7A68C22E473EE0078CD1F /* KeyboardBoundView.swift in Sources */,
				74F7A68E22E48FC70078CD1F /* UpdateCommentVC.swift in Sources */,
				749876AB22DFECAD006CE89B /* LoginVC.swift in Sources */,
				74D9298022DCEB9B0013868B /* AppDelegate.swift in Sources */,
				746CA21E22E2317D007AACEF /* CommentCell.swift in Sources */,
				741DB0B522DCF4720097CFD3 /* AddThoughtVC.swift in Sources */,
				7412D53022DE7D57005AD5BF /* Constants.swift in Sources */,
				7412D53422DE875B005AD5BF /* ThoughtCell.swift in Sources */,
				746CA22022E2343C007AACEF /* Comment.swift in Sources */,
				746CA21A22E22A9E007AACEF /* CommentsVC.swift in Sources */,
			);
			runOnlyForDeploymentPostprocessing = 0;
		};
/* End PBXSourcesBuildPhase section */

/* Begin PBXVariantGroup section */
		74D9298322DCEB9B0013868B /* Main.storyboard */ = {
			isa = PBXVariantGroup;
			children = (
				74D9298422DCEB9B0013868B /* Base */,
			);
			name = Main.storyboard;
			sourceTree = "<group>";
		};
		74D9298822DCEB9C0013868B /* LaunchScreen.storyboard */ = {
			isa = PBXVariantGroup;
			children = (
				74D9298922DCEB9C0013868B /* Base */,
			);
			name = LaunchScreen.storyboard;
			sourceTree = "<group>";
		};
/* End PBXVariantGroup section */

/* Begin XCBuildConfiguration section */
		74D9298C22DCEB9C0013868B /* Debug */ = {
			isa = XCBuildConfiguration;
			buildSettings = {
				ALWAYS_SEARCH_USER_PATHS = NO;
				CLANG_ANALYZER_NONNULL = YES;
				CLANG_ANALYZER_NUMBER_OBJECT_CONVERSION = YES_AGGRESSIVE;
				CLANG_CXX_LANGUAGE_STANDARD = "gnu++14";
				CLANG_CXX_LIBRARY = "libc++";
				CLANG_ENABLE_MODULES = YES;
				CLANG_ENABLE_OBJC_ARC = YES;
				CLANG_ENABLE_OBJC_WEAK = YES;
				CLANG_WARN_BLOCK_CAPTURE_AUTORELEASING = YES;
				CLANG_WARN_BOOL_CONVERSION = YES;
				CLANG_WARN_COMMA = YES;
				CLANG_WARN_CONSTANT_CONVERSION = YES;
				CLANG_WARN_DEPRECATED_OBJC_IMPLEMENTATIONS = YES;
				CLANG_WARN_DIRECT_OBJC_ISA_USAGE = YES_ERROR;
				CLANG_WARN_DOCUMENTATION_COMMENTS = YES;
				CLANG_WARN_EMPTY_BODY = YES;
				CLANG_WARN_ENUM_CONVERSION = YES;
				CLANG_WARN_INFINITE_RECURSION = YES;
				CLANG_WARN_INT_CONVERSION = YES;
				CLANG_WARN_NON_LITERAL_NULL_CONVERSION = YES;
				CLANG_WARN_OBJC_IMPLICIT_RETAIN_SELF = YES;
				CLANG_WARN_OBJC_LITERAL_CONVERSION = YES;
				CLANG_WARN_OBJC_ROOT_CLASS = YES_ERROR;
				CLANG_WARN_RANGE_LOOP_ANALYSIS = YES;
				CLANG_WARN_STRICT_PROTOTYPES = YES;
				CLANG_WARN_SUSPICIOUS_MOVE = YES;
				CLANG_WARN_UNGUARDED_AVAILABILITY = YES_AGGRESSIVE;
				CLANG_WARN_UNREACHABLE_CODE = YES;
				CLANG_WARN__DUPLICATE_METHOD_MATCH = YES;
				CODE_SIGN_IDENTITY = "iPhone Developer";
				COPY_PHASE_STRIP = NO;
				DEBUG_INFORMATION_FORMAT = dwarf;
				ENABLE_STRICT_OBJC_MSGSEND = YES;
				ENABLE_TESTABILITY = YES;
				GCC_C_LANGUAGE_STANDARD = gnu11;
				GCC_DYNAMIC_NO_PIC = NO;
				GCC_NO_COMMON_BLOCKS = YES;
				GCC_OPTIMIZATION_LEVEL = 0;
				GCC_PREPROCESSOR_DEFINITIONS = (
					"DEBUG=1",
					"$(inherited)",
				);
				GCC_WARN_64_TO_32_BIT_CONVERSION = YES;
				GCC_WARN_ABOUT_RETURN_TYPE = YES_ERROR;
				GCC_WARN_UNDECLARED_SELECTOR = YES;
				GCC_WARN_UNINITIALIZED_AUTOS = YES_AGGRESSIVE;
				GCC_WARN_UNUSED_FUNCTION = YES;
				GCC_WARN_UNUSED_VARIABLE = YES;
				IPHONEOS_DEPLOYMENT_TARGET = 12.2;
				MTL_ENABLE_DEBUG_INFO = INCLUDE_SOURCE;
				MTL_FAST_MATH = YES;
				ONLY_ACTIVE_ARCH = YES;
				SDKROOT = iphoneos;
				SWIFT_ACTIVE_COMPILATION_CONDITIONS = DEBUG;
				SWIFT_OPTIMIZATION_LEVEL = "-Onone";
			};
			name = Debug;
		};
		74D9298D22DCEB9C0013868B /* Release */ = {
			isa = XCBuildConfiguration;
			buildSettings = {
				ALWAYS_SEARCH_USER_PATHS = NO;
				CLANG_ANALYZER_NONNULL = YES;
				CLANG_ANALYZER_NUMBER_OBJECT_CONVERSION = YES_AGGRESSIVE;
				CLANG_CXX_LANGUAGE_STANDARD = "gnu++14";
				CLANG_CXX_LIBRARY = "libc++";
				CLANG_ENABLE_MODULES = YES;
				CLANG_ENABLE_OBJC_ARC = YES;
				CLANG_ENABLE_OBJC_WEAK = YES;
				CLANG_WARN_BLOCK_CAPTURE_AUTORELEASING = YES;
				CLANG_WARN_BOOL_CONVERSION = YES;
				CLANG_WARN_COMMA = YES;
				CLANG_WARN_CONSTANT_CONVERSION = YES;
				CLANG_WARN_DEPRECATED_OBJC_IMPLEMENTATIONS = YES;
				CLANG_WARN_DIRECT_OBJC_ISA_USAGE = YES_ERROR;
				CLANG_WARN_DOCUMENTATION_COMMENTS = YES;
				CLANG_WARN_EMPTY_BODY = YES;
				CLANG_WARN_ENUM_CONVERSION = YES;
				CLANG_WARN_INFINITE_RECURSION = YES;
				CLANG_WARN_INT_CONVERSION = YES;
				CLANG_WARN_NON_LITERAL_NULL_CONVERSION = YES;
				CLANG_WARN_OBJC_IMPLICIT_RETAIN_SELF = YES;
				CLANG_WARN_OBJC_LITERAL_CONVERSION = YES;
				CLANG_WARN_OBJC_ROOT_CLASS = YES_ERROR;
				CLANG_WARN_RANGE_LOOP_ANALYSIS = YES;
				CLANG_WARN_STRICT_PROTOTYPES = YES;
				CLANG_WARN_SUSPICIOUS_MOVE = YES;
				CLANG_WARN_UNGUARDED_AVAILABILITY = YES_AGGRESSIVE;
				CLANG_WARN_UNREACHABLE_CODE = YES;
				CLANG_WARN__DUPLICATE_METHOD_MATCH = YES;
				CODE_SIGN_IDENTITY = "iPhone Developer";
				COPY_PHASE_STRIP = NO;
				DEBUG_INFORMATION_FORMAT = "dwarf-with-dsym";
				ENABLE_NS_ASSERTIONS = NO;
				ENABLE_STRICT_OBJC_MSGSEND = YES;
				GCC_C_LANGUAGE_STANDARD = gnu11;
				GCC_NO_COMMON_BLOCKS = YES;
				GCC_WARN_64_TO_32_BIT_CONVERSION = YES;
				GCC_WARN_ABOUT_RETURN_TYPE = YES_ERROR;
				GCC_WARN_UNDECLARED_SELECTOR = YES;
				GCC_WARN_UNINITIALIZED_AUTOS = YES_AGGRESSIVE;
				GCC_WARN_UNUSED_FUNCTION = YES;
				GCC_WARN_UNUSED_VARIABLE = YES;
				IPHONEOS_DEPLOYMENT_TARGET = 12.2;
				MTL_ENABLE_DEBUG_INFO = NO;
				MTL_FAST_MATH = YES;
				SDKROOT = iphoneos;
				SWIFT_COMPILATION_MODE = wholemodule;
				SWIFT_OPTIMIZATION_LEVEL = "-O";
				VALIDATE_PRODUCT = YES;
			};
			name = Release;
		};
		74D9298F22DCEB9C0013868B /* Debug */ = {
			isa = XCBuildConfiguration;
			baseConfigurationReference = 8405C7913F0EA5C37E19A2AB /* Pods-Thoughts.debug.xcconfig */;
			buildSettings = {
				ASSETCATALOG_COMPILER_APPICON_NAME = AppIcon;
				CODE_SIGN_STYLE = Automatic;
				DEVELOPMENT_TEAM = 8CDXH35L83;
				INFOPLIST_FILE = Thoughts/Info.plist;
				LD_RUNPATH_SEARCH_PATHS = (
					"$(inherited)",
					"@executable_path/Frameworks",
				);
				PRODUCT_BUNDLE_IDENTIFIER = com.aidanmiskella.Thoughts;
				PRODUCT_NAME = "$(TARGET_NAME)";
				SWIFT_VERSION = 5.0;
				TARGETED_DEVICE_FAMILY = 1;
			};
			name = Debug;
		};
		74D9299022DCEB9C0013868B /* Release */ = {
			isa = XCBuildConfiguration;
			baseConfigurationReference = 0CD63E3C82C993EE0F7A73B5 /* Pods-Thoughts.release.xcconfig */;
			buildSettings = {
				ASSETCATALOG_COMPILER_APPICON_NAME = AppIcon;
				CODE_SIGN_STYLE = Automatic;
				DEVELOPMENT_TEAM = 8CDXH35L83;
				INFOPLIST_FILE = Thoughts/Info.plist;
				LD_RUNPATH_SEARCH_PATHS = (
					"$(inherited)",
					"@executable_path/Frameworks",
				);
				PRODUCT_BUNDLE_IDENTIFIER = com.aidanmiskella.Thoughts;
				PRODUCT_NAME = "$(TARGET_NAME)";
				SWIFT_VERSION = 5.0;
				TARGETED_DEVICE_FAMILY = 1;
			};
			name = Release;
		};
/* End XCBuildConfiguration section */

/* Begin XCConfigurationList section */
		74D9297722DCEB9B0013868B /* Build configuration list for PBXProject "Thoughts" */ = {
			isa = XCConfigurationList;
			buildConfigurations = (
				74D9298C22DCEB9C0013868B /* Debug */,
				74D9298D22DCEB9C0013868B /* Release */,
			);
			defaultConfigurationIsVisible = 0;
			defaultConfigurationName = Release;
		};
		74D9298E22DCEB9C0013868B /* Build configuration list for PBXNativeTarget "Thoughts" */ = {
			isa = XCConfigurationList;
			buildConfigurations = (
				74D9298F22DCEB9C0013868B /* Debug */,
				74D9299022DCEB9C0013868B /* Release */,
			);
			defaultConfigurationIsVisible = 0;
			defaultConfigurationName = Release;
		};
/* End XCConfigurationList section */
	};
	rootObject = 74D9297422DCEB9B0013868B /* Project object */;
}
